
Microsoft Visual Studio Solution File, Format Version 12.00
# Visual Studio Version 17
VisualStudioVersion = 17.2.32616.157
MinimumVisualStudioVersion = 10.0.40219.1
Project("{FAE04EC0-301F-11D3-BF4B-00C04F79EFBC}") = "temperature 17", "temperature 17\temperature 17.csproj", "{8C3B68DF-8EC6-4AD1-A279-5049F8FC2160}"
EndProject
Global
	GlobalSection(SolutionConfigurationPlatforms) = preSolution
		Debug|Any CPU = Debug|Any CPU
		Release|Any CPU = Release|Any CPU
	EndGlobalSection
	GlobalSection(ProjectConfigurationPlatforms) = postSolution
		{8C3B68DF-8EC6-4AD1-A279-5049F8FC2160}.Debug|Any CPU.ActiveCfg = Debug|Any CPU
		{8C3B68DF-8EC6-4AD1-A279-5049F8FC2160}.Debug|Any CPU.Build.0 = Debug|Any CPU
		{8C3B68DF-8EC6-4AD1-A279-5049F8FC2160}.Release|Any CPU.ActiveCfg = Release|Any CPU
		{8C3B68DF-8EC6-4AD1-A279-5049F8FC2160}.Release|Any CPU.Build.0 = Release|Any CPU
	EndGlobalSection
	GlobalSection(SolutionProperties) = preSolution
		HideSolutionNode = FALSE
	EndGlobalSection
	GlobalSection(ExtensibilityGlobals) = postSolution
		SolutionGuid = {9A074AF9-3473-483E-AE3C-790BDB53DEB7}
	EndGlobalSection
EndGlobal
