
Microsoft Visual Studio Solution File, Format Version 12.00
# Visual Studio Version 17
VisualStudioVersion = 17.2.32616.157
MinimumVisualStudioVersion = 10.0.40219.1
Project("{FAE04EC0-301F-11D3-BF4B-00C04F79EFBC}") = "primeNumber 4", "primeNumber 4\primeNumber 4.csproj", "{C2856403-6A84-419F-8D50-4F1FFA6C300B}"
EndProject
Global
	GlobalSection(SolutionConfigurationPlatforms) = preSolution
		Debug|Any CPU = Debug|Any CPU
		Release|Any CPU = Release|Any CPU
	EndGlobalSection
	GlobalSection(ProjectConfigurationPlatforms) = postSolution
		{C2856403-6A84-419F-8D50-4F1FFA6C300B}.Debug|Any CPU.ActiveCfg = Debug|Any CPU
		{C2856403-6A84-419F-8D50-4F1FFA6C300B}.Debug|Any CPU.Build.0 = Debug|Any CPU
		{C2856403-6A84-419F-8D50-4F1FFA6C300B}.Release|Any CPU.ActiveCfg = Release|Any CPU
		{C2856403-6A84-419F-8D50-4F1FFA6C300B}.Release|Any CPU.Build.0 = Release|Any CPU
	EndGlobalSection
	GlobalSection(SolutionProperties) = preSolution
		HideSolutionNode = FALSE
	EndGlobalSection
	GlobalSection(ExtensibilityGlobals) = postSolution
		SolutionGuid = {D948C492-FB61-4B95-8856-955E6C3EF97A}
	EndGlobalSection
EndGlobal
